{
  "name": "nbc3dmodel",
  "version": "1.0.0",
  "lockfileVersion": 3,
  "requires": true,
  "packages": {
    "": {
      "name": "nbc3dmodel",
      "version": "1.0.0",
      "license": "ISC",
      "dependencies": {
        "@splinetool/boolean-wasm": "^1.12.98",
        "@splinetool/modelling-wasm": "^1.12.98",
        "@splinetool/navmesh-wasm": "^1.12.98",
        "@splinetool/runtime": "^1.12.98",
        "playwright": "^1.61.1",
        "three": "^0.185.1"
      }
    },
    "node_modules/@splinetool/boolean-wasm": {
      "version": "1.12.98",
      "resolved": "https://registry.npmjs.org/@splinetool/boolean-wasm/-/boolean-wasm-1.12.98.tgz",
      "integrity": "sha512-WyYhefk2e0eUdX6XYE0yVGeua4vZ/vD95AcwQylJjlvQOnftunIn1XQ0HoTflB7kiu7g9lusgNHetIga6/Mw7w=="
    },
    "node_modules/@splinetool/modelling-wasm": {
      "version": "1.12.98",
      "resolved": "https://registry.npmjs.org/@splinetool/modelling-wasm/-/modelling-wasm-1.12.98.tgz",
      "integrity": "sha512-UOMd4fWOnoWnJb6XBiwKvk/Jxw+ScbkevcpviQea0Ssiz60m9+AVYNQutZYPpICV2LoReBoXD4hwNRaRfm6Qmw=="
    },
    "node_modules/@splinetool/navmesh-wasm": {
      "version": "1.12.98",
      "resolved": "https://registry.npmjs.org/@splinetool/navmesh-wasm/-/navmesh-wasm-1.12.98.tgz",
      "integrity": "sha512-+T4yI+mLP1SBExWOEahafzFRTsAg+KcW6qTY6V7vWjntMsWeftgXM3xXvqykWkVO37/1oLF5bWoNNOKXI4FF5g=="
    },
    "node_modules/@splinetool/runtime": {
      "version": "1.12.98",
      "resolved": "https://registry.npmjs.org/@splinetool/runtime/-/runtime-1.12.98.tgz",
      "integrity": "sha512-UWZH/+4XtNgMMgmDiWhZS55WOwUDGuTj4uH6fiZV6Jol3d3v3z1RRBObspx8GMio0HajOYGg7FJ8TZdyBdpW4A==",
      "dependencies": {
        "on-change": "4.0.0",
        "semver-compare": "1.0.0"
      }
    },
    "node_modules/fsevents": {
      "version": "2.3.2",
      "resolved": "https://registry.npmjs.org/fsevents/-/fsevents-2.3.2.tgz",
      "integrity": "sha512-xiqMQR4xAeHTuB9uWm+fFRcIOgKBMiOBP+eXiyT7jsgVCq1bkVygt00oASowB7EdtpOHaaPgKt812P9ab+DDKA==",
      "hasInstallScript": true,
      "license": "MIT",
      "optional": true,
      "os": [
        "darwin"
      ],
      "engines": {
        "node": "^8.16.0 || ^10.6.0 || >=11.0.0"
      }
    },
    "node_modules/on-change": {
      "version": "4.0.0",
      "resolved": "https://registry.npmjs.org/on-change/-/on-change-4.0.0.tgz",
      "integrity": "sha512-PTu7C9Jsz4b+sNMDpH0eZFTr7uxdOtoDWRnhaVNK50bgrrnW5nvbWI0jm5DG9qOoTnIhBzE9xoKVFPD9xgtbdg==",
      "license": "MIT",
      "engines": {
        "node": "^12.20.0 || ^14.13.1 || >=16.0.0"
      },
      "funding": {
        "url": "https://github.com/sindresorhus/on-change?sponsor=1"
      }
    },
    "node_modules/playwright": {
      "version": "1.61.1",
      "resolved": "https://registry.npmjs.org/playwright/-/playwright-1.61.1.tgz",
      "integrity": "sha512-DWnY5o3YbLWK4GovuAVwpqL+1VwGNdUGrRr++8j8PtQQzvAVZUIMjKQ90fY689sEJZJBbZVw1rXaOKSTitkzPQ==",
      "license": "Apache-2.0",
      "dependencies": {
        "playwright-core": "1.61.1"
      },
      "bin": {
        "playwright": "cli.js"
      },
      "engines": {
        "node": ">=18"
      },
      "optionalDependencies": {
        "fsevents": "2.3.2"
      }
    },
    "node_modules/playwright-core": {
      "version": "1.61.1",
      "resolved": "https://registry.npmjs.org/playwright-core/-/playwright-core-1.61.1.tgz",
      "integrity": "sha512-h7Qlt6m4REp25qvIdvbDtVmD4LqVXfpRxhORv9L0jzETM05p4fuPJ3dKyuSXQxDSbXnmS79HAgi9589lGSpLkg==",
      "license": "Apache-2.0",
      "bin": {
        "playwright-core": "cli.js"
      },
      "engines": {
        "node": ">=18"
      }
    },
    "node_modules/semver-compare": {
      "version": "1.0.0",
      "resolved": "https://registry.npmjs.org/semver-compare/-/semver-compare-1.0.0.tgz",
      "integrity": "sha512-YM3/ITh2MJ5MtzaM429anh+x2jiLVjqILF4m4oyQB18W7Ggea7BfqdH/wGMK7dDiMghv/6WG7znWMwUDzJiXow==",
      "license": "MIT"
    },
    "node_modules/three": {
      "version": "0.185.1",
      "resolved": "https://registry.npmjs.org/three/-/three-0.185.1.tgz",
      "integrity": "sha512-5aojFCXKwnjBRZvUnt3WFfEcvUJgkN5LlijRFN95hMy8WVkG4I0QNcJE+OuWvuJ0bOdStrbfXn0pkd6/QyiAlg==",
      "license": "MIT"
    }
  }
}
